
Microsoft Visual Studio Solution File, Format Version 12.00
# Visual Studio Version 16
VisualStudioVersion = 16.0.32929.386
MinimumVisualStudioVersion = 10.0.40219.1
Project("{FAE04EC0-301F-11D3-BF4B-00C04F79EFBC}") = "QCuidadoAdmins", "QCuidadoAdmins\QCuidadoAdmins.csproj", "{C3080285-A48C-4B95-8AA7-F99052BC0D8F}"
EndProject
Global
	GlobalSection(SolutionConfigurationPlatforms) = preSolution
		Debug|Any CPU = Debug|Any CPU
		Release|Any CPU = Release|Any CPU
	EndGlobalSection
	GlobalSection(ProjectConfigurationPlatforms) = postSolution
		{C3080285-A48C-4B95-8AA7-F99052BC0D8F}.Debug|Any CPU.ActiveCfg = Debug|Any CPU
		{C3080285-A48C-4B95-8AA7-F99052BC0D8F}.Debug|Any CPU.Build.0 = Debug|Any CPU
		{C3080285-A48C-4B95-8AA7-F99052BC0D8F}.Release|Any CPU.ActiveCfg = Release|Any CPU
		{C3080285-A48C-4B95-8AA7-F99052BC0D8F}.Release|Any CPU.Build.0 = Release|Any CPU
	EndGlobalSection
	GlobalSection(SolutionProperties) = preSolution
		HideSolutionNode = FALSE
	EndGlobalSection
	GlobalSection(ExtensibilityGlobals) = postSolution
		SolutionGuid = {DC7E9767-707A-4E3B-A157-D6601C6A3A24}
	EndGlobalSection
EndGlobal
